// !$*UTF8*$!
{
	archiveVersion = 1;
	classes = {
	};
	objectVersion = 77;
	objects = {

/* Begin PBXContainerItemProxy section */
		1AEFEB712DA9E385008D65E4 /* PBXContainerItemProxy */ = {
			isa = PBXContainerItemProxy;
			containerPortal = 1AEFEB5B2DA9E383008D65E4 /* Project object */;
			proxyType = 1;
			remoteGlobalIDString = 1AEFEB622DA9E383008D65E4;
			remoteInfo = "Crypto-IOS";
		};
		1AEFEB7B2DA9E385008D65E4 /* PBXContainerItemProxy */ = {
			isa = PBXContainerItemProxy;
			containerPortal = 1AEFEB5B2DA9E383008D65E4 /* Project object */;
			proxyType = 1;
			remoteGlobalIDString = 1AEFEB622DA9E383008D65E4;
			remoteInfo = "Crypto-IOS";
		};
/* End PBXContainerItemProxy section */

/* Begin PBXFileReference section */
		1AEFEB632DA9E383008D65E4 /* Crypto-IOS.app */ = {isa = PBXFileReference; explicitFileType = wrapper.application; includeInIndex = 0; path = "Crypto-IOS.app"; sourceTree = BUILT_PRODUCTS_DIR; };
		1AEFEB702DA9E385008D65E4 /* Crypto-IOSTests.xctest */ = {isa = PBXFileReference; explicitFileType = wrapper.cfbundle; includeInIndex = 0; path = "Crypto-IOSTests.xctest"; sourceTree = BUILT_PRODUCTS_DIR; };
		1AEFEB7A2DA9E385008D65E4 /* Crypto-IOSUITests.xctest */ = {isa = PBXFileReference; explicitFileType = wrapper.cfbundle; includeInIndex = 0; path = "Crypto-IOSUITests.xctest"; sourceTree = BUILT_PRODUCTS_DIR; };
/* End PBXFileReference section */

/* Begin PBXFileSystemSynchronizedRootGroup section */
		1AEFEB652DA9E383008D65E4 /* Crypto-IOS */ = {
			isa = PBXFileSystemSynchronizedRootGroup;
			path = "Crypto-IOS";
			sourceTree = "<group>";
		};
		1AEFEB732DA9E385008D65E4 /* Crypto-IOSTests */ = {
			isa = PBXFileSystemSynchronizedRootGroup;
			path = "Crypto-IOSTests";
			sourceTree = "<group>";
		};
		1AEFEB7D2DA9E385008D65E4 /* Crypto-IOSUITests */ = {
			isa = PBXFileSystemSynchronizedRootGroup;
			path = "Crypto-IOSUITests";
			sourceTree = "<group>";
		};
/* End PBXFileSystemSynchronizedRootGroup section */

/* Begin PBXFrameworksBuildPhase section */
		1AEFEB602DA9E383008D65E4 /* Frameworks */ = {
			isa = PBXFrameworksBuildPhase;
			buildActionMask = 2147483647;
			files = (
			);
			runOnlyForDeploymentPostprocessing = 0;
		};
		1AEFEB6D2DA9E385008D65E4 /* Frameworks */ = {
			isa = PBXFrameworksBuildPhase;
			buildActionMask = 2147483647;
			files = (
			);
			runOnlyForDeploymentPostprocessing = 0;
		};
		1AEFEB772DA9E385008D65E4 /* Frameworks */ = {
			isa = PBXFrameworksBuildPhase;
			buildActionMask = 2147483647;
			files = (
			);
			runOnlyForDeploymentPostprocessing = 0;
		};
/* End PBXFrameworksBuildPhase section */

/* Begin PBXGroup section */
		1AEFEB5A2DA9E383008D65E4 = {
			isa = PBXGroup;
			children = (
				1AEFEB652DA9E383008D65E4 /* Crypto-IOS */,
				1AEFEB732DA9E385008D65E4 /* Crypto-IOSTests */,
				1AEFEB7D2DA9E385008D65E4 /* Crypto-IOSUITests */,
				1AEFEB642DA9E383008D65E4 /* Products */,
			);
			sourceTree = "<group>";
		};
		1AEFEB642DA9E383008D65E4 /* Products */ = {
			isa = PBXGroup;
			children = (
				1AEFEB632DA9E383008D65E4 /* Crypto-IOS.app */,
				1AEFEB702DA9E385008D65E4 /* Crypto-IOSTests.xctest */,
				1AEFEB7A2DA9E385008D65E4 /* Crypto-IOSUITests.xctest */,
			);
			name = Products;
			sourceTree = "<group>";
		};
/* End PBXGroup section */

/* Begin PBXNativeTarget section */
		1AEFEB622DA9E383008D65E4 /* Crypto-IOS */ = {
			isa = PBXNativeTarget;
			buildConfigurationList = 1AEFEB842DA9E386008D65E4 /* Build configuration list for PBXNativeTarget "Crypto-IOS" */;
			buildPhases = (
				1AEFEB5F2DA9E383008D65E4 /* Sources */,
				1AEFEB602DA9E383008D65E4 /* Frameworks */,
				1AEFEB612DA9E383008D65E4 /* Resources */,
			);
			buildRules = (
			);
			dependencies = (
			);
			fileSystemSynchronizedGroups = (
				1AEFEB652DA9E383008D65E4 /* Crypto-IOS */,
			);
			name = "Crypto-IOS";
			packageProductDependencies = (
			);
			productName = "Crypto-IOS";
			productReference = 1AEFEB632DA9E383008D65E4 /* Crypto-IOS.app */;
			productType = "com.apple.product-type.application";
		};
		1AEFEB6F2DA9E385008D65E4 /* Crypto-IOSTests */ = {
			isa = PBXNativeTarget;
			buildConfigurationList = 1AEFEB872DA9E386008D65E4 /* Build configuration list for PBXNativeTarget "Crypto-IOSTests" */;
			buildPhases = (
				1AEFEB6C2DA9E385008D65E4 /* Sources */,
				1AEFEB6D2DA9E385008D65E4 /* Frameworks */,
				1AEFEB6E2DA9E385008D65E4 /* Resources */,
			);
			buildRules = (
			);
			dependencies = (
				1AEFEB722DA9E385008D65E4 /* PBXTargetDependency */,
			);
			fileSystemSynchronizedGroups = (
				1AEFEB732DA9E385008D65E4 /* Crypto-IOSTests */,
			);
			name = "Crypto-IOSTests";
			packageProductDependencies = (
			);
			productName = "Crypto-IOSTests";
			productReference = 1AEFEB702DA9E385008D65E4 /* Crypto-IOSTests.xctest */;
			productType = "com.apple.product-type.bundle.unit-test";
		};
		1AEFEB792DA9E385008D65E4 /* Crypto-IOSUITests */ = {
			isa = PBXNativeTarget;
			buildConfigurationList = 1AEFEB8A2DA9E386008D65E4 /* Build configuration list for PBXNativeTarget "Crypto-IOSUITests" */;
			buildPhases = (
				1AEFEB762DA9E385008D65E4 /* Sources */,
				1AEFEB772DA9E385008D65E4 /* Frameworks */,
				1AEFEB782DA9E385008D65E4 /* Resources */,
			);
			buildRules = (
			);
			dependencies = (
				1AEFEB7C2DA9E385008D65E4 /* PBXTargetDependency */,
			);
			fileSystemSynchronizedGroups = (
				1AEFEB7D2DA9E385008D65E4 /* Crypto-IOSUITests */,
			);
			name = "Crypto-IOSUITests";
			packageProductDependencies = (
			);
			productName = "Crypto-IOSUITests";
			productReference = 1AEFEB7A2DA9E385008D65E4 /* Crypto-IOSUITests.xctest */;
			productType = "com.apple.product-type.bundle.ui-testing";
		};
/* End PBXNativeTarget section */

/* Begin PBXProject section */
		1AEFEB5B2DA9E383008D65E4 /* Project object */ = {
			isa = PBXProject;
			attributes = {
				BuildIndependentTargetsInParallel = 1;
				LastSwiftUpdateCheck = 1630;
				LastUpgradeCheck = 1630;
				TargetAttributes = {
					1AEFEB622DA9E383008D65E4 = {
						CreatedOnToolsVersion = 16.3;
					};
					1AEFEB6F2DA9E385008D65E4 = {
						CreatedOnToolsVersion = 16.3;
						TestTargetID = 1AEFEB622DA9E383008D65E4;
					};
					1AEFEB792DA9E385008D65E4 = {
						CreatedOnToolsVersion = 16.3;
						TestTargetID = 1AEFEB622DA9E383008D65E4;
					};
				};
			};
			buildConfigurationList = 1AEFEB5E2DA9E383008D65E4 /* Build configuration list for PBXProject "Crypto-IOS" */;
			developmentRegion = en;
			hasScannedForEncodings = 0;
			knownRegions = (
				en,
				Base,
			);
			mainGroup = 1AEFEB5A2DA9E383008D65E4;
			minimizedProjectReferenceProxies = 1;
			preferredProjectObjectVersion = 77;
			productRefGroup = 1AEFEB642DA9E383008D65E4 /* Products */;
			projectDirPath = "";
			projectRoot = "";
			targets = (
				1AEFEB622DA9E383008D65E4 /* Crypto-IOS */,
				1AEFEB6F2DA9E385008D65E4 /* Crypto-IOSTests */,
				1AEFEB792DA9E385008D65E4 /* Crypto-IOSUITests */,
			);
		};
/* End PBXProject section */

/* Begin PBXResourcesBuildPhase section */
		1AEFEB612DA9E383008D65E4 /* Resources */ = {
			isa = PBXResourcesBuildPhase;
			buildActionMask = 2147483647;
			files = (
			);
			runOnlyForDeploymentPostprocessing = 0;
		};
		1AEFEB6E2DA9E385008D65E4 /* Resources */ = {
			isa = PBXResourcesBuildPhase;
			buildActionMask = 2147483647;
			files = (
			);
			runOnlyForDeploymentPostprocessing = 0;
		};
		1AEFEB782DA9E385008D65E4 /* Resources */ = {
			isa = PBXResourcesBuildPhase;
			buildActionMask = 2147483647;
			files = (
			);
			runOnlyForDeploymentPostprocessing = 0;
		};
/* End PBXResourcesBuildPhase section */

/* Begin PBXSourcesBuildPhase section */
		1AEFEB5F2DA9E383008D65E4 /* Sources */ = {
			isa = PBXSourcesBuildPhase;
			buildActionMask = 2147483647;
			files = (
			);
			runOnlyForDeploymentPostprocessing = 0;
		};
		1AEFEB6C2DA9E385008D65E4 /* Sources */ = {
			isa = PBXSourcesBuildPhase;
			buildActionMask = 2147483647;
			files = (
			);
			runOnlyForDeploymentPostprocessing = 0;
		};
		1AEFEB762DA9E385008D65E4 /* Sources */ = {
			isa = PBXSourcesBuildPhase;
			buildActionMask = 2147483647;
			files = (
			);
			runOnlyForDeploymentPostprocessing = 0;
		};
/* End PBXSourcesBuildPhase section */

/* Begin PBXTargetDependency section */
		1AEFEB722DA9E385008D65E4 /* PBXTargetDependency */ = {
			isa = PBXTargetDependency;
			target = 1AEFEB622DA9E383008D65E4 /* Crypto-IOS */;
			targetProxy = 1AEFEB712DA9E385008D65E4 /* PBXContainerItemProxy */;
		};
		1AEFEB7C2DA9E385008D65E4 /* PBXTargetDependency */ = {
			isa = PBXTargetDependency;
			target = 1AEFEB622DA9E383008D65E4 /* Crypto-IOS */;
			targetProxy = 1AEFEB7B2DA9E385008D65E4 /* PBXContainerItemProxy */;
		};
/* End PBXTargetDependency section */

/* Begin XCBuildConfiguration section */
		1AEFEB822DA9E386008D65E4 /* Debug */ = {
			isa = XCBuildConfiguration;
			buildSettings = {
				ALWAYS_SEARCH_USER_PATHS = NO;
				ASSETCATALOG_COMPILER_GENERATE_SWIFT_ASSET_SYMBOL_EXTENSIONS = YES;
				CLANG_ANALYZER_NONNULL = YES;
				CLANG_ANALYZER_NUMBER_OBJECT_CONVERSION = YES_AGGRESSIVE;
				CLANG_CXX_LANGUAGE_STANDARD = "gnu++20";
				CLANG_ENABLE_MODULES = YES;
				CLANG_ENABLE_OBJC_ARC = YES;
				CLANG_ENABLE_OBJC_WEAK = YES;
				CLANG_WARN_BLOCK_CAPTURE_AUTORELEASING = YES;
				CLANG_WARN_BOOL_CONVERSION = YES;
				CLANG_WARN_COMMA = YES;
				CLANG_WARN_CONSTANT_CONVERSION = YES;
				CLANG_WARN_DEPRECATED_OBJC_IMPLEMENTATIONS = YES;
				CLANG_WARN_DIRECT_OBJC_ISA_USAGE = YES_ERROR;
				CLANG_WARN_DOCUMENTATION_COMMENTS = YES;
				CLANG_WARN_EMPTY_BODY = YES;
				CLANG_WARN_ENUM_CONVERSION = YES;
				CLANG_WARN_INFINITE_RECURSION = YES;
				CLANG_WARN_INT_CONVERSION = YES;
				CLANG_WARN_NON_LITERAL_NULL_CONVERSION = YES;
				CLANG_WARN_OBJC_IMPLICIT_RETAIN_SELF = YES;
				CLANG_WARN_OBJC_LITERAL_CONVERSION = YES;
				CLANG_WARN_OBJC_ROOT_CLASS = YES_ERROR;
				CLANG_WARN_QUOTED_INCLUDE_IN_FRAMEWORK_HEADER = YES;
				CLANG_WARN_RANGE_LOOP_ANALYSIS = YES;
				CLANG_WARN_STRICT_PROTOTYPES = YES;
				CLANG_WARN_SUSPICIOUS_MOVE = YES;
				CLANG_WARN_UNGUARDED_AVAILABILITY = YES_AGGRESSIVE;
				CLANG_WARN_UNREACHABLE_CODE = YES;
				CLANG_WARN__DUPLICATE_METHOD_MATCH = YES;
				COPY_PHASE_STRIP = NO;
				DEBUG_INFORMATION_FORMAT = dwarf;
				ENABLE_STRICT_OBJC_MSGSEND = YES;
				ENABLE_TESTABILITY = YES;
				ENABLE_USER_SCRIPT_SANDBOXING = YES;
				GCC_C_LANGUAGE_STANDARD = gnu17;
				GCC_DYNAMIC_NO_PIC = NO;
				GCC_NO_COMMON_BLOCKS = YES;
				GCC_OPTIMIZATION_LEVEL = 0;
				GCC_PREPROCESSOR_DEFINITIONS = (
					"DEBUG=1",
					"$(inherited)",
				);
				GCC_WARN_64_TO_32_BIT_CONVERSION = YES;
				GCC_WARN_ABOUT_RETURN_TYPE = YES_ERROR;
				GCC_WARN_UNDECLARED_SELECTOR = YES;
				GCC_WARN_UNINITIALIZED_AUTOS = YES_AGGRESSIVE;
				GCC_WARN_UNUSED_FUNCTION = YES;
				GCC_WARN_UNUSED_VARIABLE = YES;
				IPHONEOS_DEPLOYMENT_TARGET = 18.4;
				LOCALIZATION_PREFERS_STRING_CATALOGS = YES;
				MTL_ENABLE_DEBUG_INFO = INCLUDE_SOURCE;
				MTL_FAST_MATH = YES;
				ONLY_ACTIVE_ARCH = YES;
				SDKROOT = iphoneos;
				SWIFT_ACTIVE_COMPILATION_CONDITIONS = "DEBUG $(inherited)";
				SWIFT_OPTIMIZATION_LEVEL = "-Onone";
			};
			name = Debug;
		};
		1AEFEB832DA9E386008D65E4 /* Release */ = {
			isa = XCBuildConfiguration;
			buildSettings = {
				ALWAYS_SEARCH_USER_PATHS = NO;
				ASSETCATALOG_COMPILER_GENERATE_SWIFT_ASSET_SYMBOL_EXTENSIONS = YES;
				CLANG_ANALYZER_NONNULL = YES;
				CLANG_ANALYZER_NUMBER_OBJECT_CONVERSION = YES_AGGRESSIVE;
				CLANG_CXX_LANGUAGE_STANDARD = "gnu++20";
				CLANG_ENABLE_MODULES = YES;
				CLANG_ENABLE_OBJC_ARC = YES;
				CLANG_ENABLE_OBJC_WEAK = YES;
				CLANG_WARN_BLOCK_CAPTURE_AUTORELEASING = YES;
				CLANG_WARN_BOOL_CONVERSION = YES;
				CLANG_WARN_COMMA = YES;
				CLANG_WARN_CONSTANT_CONVERSION = YES;
				CLANG_WARN_DEPRECATED_OBJC_IMPLEMENTATIONS = YES;
				CLANG_WARN_DIRECT_OBJC_ISA_USAGE = YES_ERROR;
				CLANG_WARN_DOCUMENTATION_COMMENTS = YES;
				CLANG_WARN_EMPTY_BODY = YES;
				CLANG_WARN_ENUM_CONVERSION = YES;
				CLANG_WARN_INFINITE_RECURSION = YES;
				CLANG_WARN_INT_CONVERSION = YES;
				CLANG_WARN_NON_LITERAL_NULL_CONVERSION = YES;
				CLANG_WARN_OBJC_IMPLICIT_RETAIN_SELF = YES;
				CLANG_WARN_OBJC_LITERAL_CONVERSION = YES;
				CLANG_WARN_OBJC_ROOT_CLASS = YES_ERROR;
				CLANG_WARN_QUOTED_INCLUDE_IN_FRAMEWORK_HEADER = YES;
				CLANG_WARN_RANGE_LOOP_ANALYSIS = YES;
				CLANG_WARN_STRICT_PROTOTYPES = YES;
				CLANG_WARN_SUSPICIOUS_MOVE = YES;
				CLANG_WARN_UNGUARDED_AVAILABILITY = YES_AGGRESSIVE;
				CLANG_WARN_UNREACHABLE_CODE = YES;
				CLANG_WARN__DUPLICATE_METHOD_MATCH = YES;
				COPY_PHASE_STRIP = NO;
				DEBUG_INFORMATION_FORMAT = "dwarf-with-dsym";
				ENABLE_NS_ASSERTIONS = NO;
				ENABLE_STRICT_OBJC_MSGSEND = YES;
				ENABLE_USER_SCRIPT_SANDBOXING = YES;
				GCC_C_LANGUAGE_STANDARD = gnu17;
				GCC_NO_COMMON_BLOCKS = YES;
				GCC_WARN_64_TO_32_BIT_CONVERSION = YES;
				GCC_WARN_ABOUT_RETURN_TYPE = YES_ERROR;
				GCC_WARN_UNDECLARED_SELECTOR = YES;
				GCC_WARN_UNINITIALIZED_AUTOS = YES_AGGRESSIVE;
				GCC_WARN_UNUSED_FUNCTION = YES;
				GCC_WARN_UNUSED_VARIABLE = YES;
				IPHONEOS_DEPLOYMENT_TARGET = 18.4;
				LOCALIZATION_PREFERS_STRING_CATALOGS = YES;
				MTL_ENABLE_DEBUG_INFO = NO;
				MTL_FAST_MATH = YES;
				SDKROOT = iphoneos;
				SWIFT_COMPILATION_MODE = wholemodule;
				VALIDATE_PRODUCT = YES;
			};
			name = Release;
		};
		1AEFEB852DA9E386008D65E4 /* Debug */ = {
			isa = XCBuildConfiguration;
			buildSettings = {
				ASSETCATALOG_COMPILER_APPICON_NAME = AppIcon;
				ASSETCATALOG_COMPILER_GLOBAL_ACCENT_COLOR_NAME = AccentColor;
				CODE_SIGN_STYLE = Automatic;
				CURRENT_PROJECT_VERSION = 1;
				ENABLE_PREVIEWS = YES;
				GENERATE_INFOPLIST_FILE = YES;
				INFOPLIST_KEY_UIApplicationSceneManifest_Generation = YES;
				INFOPLIST_KEY_UIApplicationSupportsIndirectInputEvents = YES;
				INFOPLIST_KEY_UILaunchScreen_Generation = YES;
				INFOPLIST_KEY_UISupportedInterfaceOrientations_iPad = "UIInterfaceOrientationPortrait UIInterfaceOrientationPortraitUpsideDown UIInterfaceOrientationLandscapeLeft UIInterfaceOrientationLandscapeRight";
				INFOPLIST_KEY_UISupportedInterfaceOrientations_iPhone = "UIInterfaceOrientationPortrait UIInterfaceOrientationLandscapeLeft UIInterfaceOrientationLandscapeRight";
				LD_RUNPATH_SEARCH_PATHS = (
					"$(inherited)",
					"@executable_path/Frameworks",
				);
				MARKETING_VERSION = 1.0;
				PRODUCT_BUNDLE_IDENTIFIER = "com.jflores.Crypto-IOS";
				PRODUCT_NAME = "$(TARGET_NAME)";
				SWIFT_EMIT_LOC_STRINGS = YES;
				SWIFT_VERSION = 5.0;
				TARGETED_DEVICE_FAMILY = "1,2";
			};
			name = Debug;
		};
		1AEFEB862DA9E386008D65E4 /* Release */ = {
			isa = XCBuildConfiguration;
			buildSettings = {
				ASSETCATALOG_COMPILER_APPICON_NAME = AppIcon;
				ASSETCATALOG_COMPILER_GLOBAL_ACCENT_COLOR_NAME = AccentColor;
				CODE_SIGN_STYLE = Automatic;
				CURRENT_PROJECT_VERSION = 1;
				ENABLE_PREVIEWS = YES;
				GENERATE_INFOPLIST_FILE = YES;
				INFOPLIST_KEY_UIApplicationSceneManifest_Generation = YES;
				INFOPLIST_KEY_UIApplicationSupportsIndirectInputEvents = YES;
				INFOPLIST_KEY_UILaunchScreen_Generation = YES;
				INFOPLIST_KEY_UISupportedInterfaceOrientations_iPad = "UIInterfaceOrientationPortrait UIInterfaceOrientationPortraitUpsideDown UIInterfaceOrientationLandscapeLeft UIInterfaceOrientationLandscapeRight";
				INFOPLIST_KEY_UISupportedInterfaceOrientations_iPhone = "UIInterfaceOrientationPortrait UIInterfaceOrientationLandscapeLeft UIInterfaceOrientationLandscapeRight";
				LD_RUNPATH_SEARCH_PATHS = (
					"$(inherited)",
					"@executable_path/Frameworks",
				);
				MARKETING_VERSION = 1.0;
				PRODUCT_BUNDLE_IDENTIFIER = "com.jflores.Crypto-IOS";
				PRODUCT_NAME = "$(TARGET_NAME)";
				SWIFT_EMIT_LOC_STRINGS = YES;
				SWIFT_VERSION = 5.0;
				TARGETED_DEVICE_FAMILY = "1,2";
			};
			name = Release;
		};
		1AEFEB882DA9E386008D65E4 /* Debug */ = {
			isa = XCBuildConfiguration;
			buildSettings = {
				BUNDLE_LOADER = "$(TEST_HOST)";
				CODE_SIGN_STYLE = Automatic;
				CURRENT_PROJECT_VERSION = 1;
				GENERATE_INFOPLIST_FILE = YES;
				IPHONEOS_DEPLOYMENT_TARGET = 18.4;
				MARKETING_VERSION = 1.0;
				PRODUCT_BUNDLE_IDENTIFIER = "com.jflores.Crypto-IOSTests";
				PRODUCT_NAME = "$(TARGET_NAME)";
				SWIFT_EMIT_LOC_STRINGS = NO;
				SWIFT_VERSION = 5.0;
				TARGETED_DEVICE_FAMILY = "1,2";
				TEST_HOST = "$(BUILT_PRODUCTS_DIR)/Crypto-IOS.app/$(BUNDLE_EXECUTABLE_FOLDER_PATH)/Crypto-IOS";
			};
			name = Debug;
		};
		1AEFEB892DA9E386008D65E4 /* Release */ = {
			isa = XCBuildConfiguration;
			buildSettings = {
				BUNDLE_LOADER = "$(TEST_HOST)";
				CODE_SIGN_STYLE = Automatic;
				CURRENT_PROJECT_VERSION = 1;
				GENERATE_INFOPLIST_FILE = YES;
				IPHONEOS_DEPLOYMENT_TARGET = 18.4;
				MARKETING_VERSION = 1.0;
				PRODUCT_BUNDLE_IDENTIFIER = "com.jflores.Crypto-IOSTests";
				PRODUCT_NAME = "$(TARGET_NAME)";
				SWIFT_EMIT_LOC_STRINGS = NO;
				SWIFT_VERSION = 5.0;
				TARGETED_DEVICE_FAMILY = "1,2";
				TEST_HOST = "$(BUILT_PRODUCTS_DIR)/Crypto-IOS.app/$(BUNDLE_EXECUTABLE_FOLDER_PATH)/Crypto-IOS";
			};
			name = Release;
		};
		1AEFEB8B2DA9E386008D65E4 /* Debug */ = {
			isa = XCBuildConfiguration;
			buildSettings = {
				CODE_SIGN_STYLE = Automatic;
				CURRENT_PROJECT_VERSION = 1;
				GENERATE_INFOPLIST_FILE = YES;
				MARKETING_VERSION = 1.0;
				PRODUCT_BUNDLE_IDENTIFIER = "com.jflores.Crypto-IOSUITests";
				PRODUCT_NAME = "$(TARGET_NAME)";
				SWIFT_EMIT_LOC_STRINGS = NO;
				SWIFT_VERSION = 5.0;
				TARGETED_DEVICE_FAMILY = "1,2";
				TEST_TARGET_NAME = "Crypto-IOS";
			};
			name = Debug;
		};
		1AEFEB8C2DA9E386008D65E4 /* Release */ = {
			isa = XCBuildConfiguration;
			buildSettings = {
				CODE_SIGN_STYLE = Automatic;
				CURRENT_PROJECT_VERSION = 1;
				GENERATE_INFOPLIST_FILE = YES;
				MARKETING_VERSION = 1.0;
				PRODUCT_BUNDLE_IDENTIFIER = "com.jflores.Crypto-IOSUITests";
				PRODUCT_NAME = "$(TARGET_NAME)";
				SWIFT_EMIT_LOC_STRINGS = NO;
				SWIFT_VERSION = 5.0;
				TARGETED_DEVICE_FAMILY = "1,2";
				TEST_TARGET_NAME = "Crypto-IOS";
			};
			name = Release;
		};
/* End XCBuildConfiguration section */

/* Begin XCConfigurationList section */
		1AEFEB5E2DA9E383008D65E4 /* Build configuration list for PBXProject "Crypto-IOS" */ = {
			isa = XCConfigurationList;
			buildConfigurations = (
				1AEFEB822DA9E386008D65E4 /* Debug */,
				1AEFEB832DA9E386008D65E4 /* Release */,
			);
			defaultConfigurationIsVisible = 0;
			defaultConfigurationName = Release;
		};
		1AEFEB842DA9E386008D65E4 /* Build configuration list for PBXNativeTarget "Crypto-IOS" */ = {
			isa = XCConfigurationList;
			buildConfigurations = (
				1AEFEB852DA9E386008D65E4 /* Debug */,
				1AEFEB862DA9E386008D65E4 /* Release */,
			);
			defaultConfigurationIsVisible = 0;
			defaultConfigurationName = Release;
		};
		1AEFEB872DA9E386008D65E4 /* Build configuration list for PBXNativeTarget "Crypto-IOSTests" */ = {
			isa = XCConfigurationList;
			buildConfigurations = (
				1AEFEB882DA9E386008D65E4 /* Debug */,
				1AEFEB892DA9E386008D65E4 /* Release */,
			);
			defaultConfigurationIsVisible = 0;
			defaultConfigurationName = Release;
		};
		1AEFEB8A2DA9E386008D65E4 /* Build configuration list for PBXNativeTarget "Crypto-IOSUITests" */ = {
			isa = XCConfigurationList;
			buildConfigurations = (
				1AEFEB8B2DA9E386008D65E4 /* Debug */,
				1AEFEB8C2DA9E386008D65E4 /* Release */,
			);
			defaultConfigurationIsVisible = 0;
			defaultConfigurationName = Release;
		};
/* End XCConfigurationList section */
	};
	rootObject = 1AEFEB5B2DA9E383008D65E4 /* Project object */;
}
